// !$*UTF8*$!
{
	archiveVersion = 1;
	classes = {
	};
	objectVersion = 46;
	objects = {

/* Begin PBXBuildFile section */
		03ACD27F1A1A0C6E0028DF2A /* main.m in Sources */ = {isa = PBXBuildFile; fileRef = 03ACD27E1A1A0C6E0028DF2A /* main.m */; };
		03ACD2821A1A0C6E0028DF2A /* AppDelegate.m in Sources */ = {isa = PBXBuildFile; fileRef = 03ACD2811A1A0C6E0028DF2A /* AppDelegate.m */; };
		03ACD2851A1A0C6E0028DF2A /* DevinTest.xcdatamodeld in Sources */ = {isa = PBXBuildFile; fileRef = 03ACD2831A1A0C6E0028DF2A /* DevinTest.xcdatamodeld */; };
		03ACD2881A1A0C6E0028DF2A /* ViewController.m in Sources */ = {isa = PBXBuildFile; fileRef = 03ACD2871A1A0C6E0028DF2A /* ViewController.m */; };
		03ACD28B1A1A0C6E0028DF2A /* Main.storyboard in Resources */ = {isa = PBXBuildFile; fileRef = 03ACD2891A1A0C6E0028DF2A /* Main.storyboard */; };
		03ACD28D1A1A0C6E0028DF2A /* Images.xcassets in Resources */ = {isa = PBXBuildFile; fileRef = 03ACD28C1A1A0C6E0028DF2A /* Images.xcassets */; };
		03ACD2901A1A0C6E0028DF2A /* LaunchScreen.xib in Resources */ = {isa = PBXBuildFile; fileRef = 03ACD28E1A1A0C6E0028DF2A /* LaunchScreen.xib */; };
		03ACD29C1A1A0C6F0028DF2A /* DevinTestTests.m in Sources */ = {isa = PBXBuildFile; fileRef = 03ACD29B1A1A0C6F0028DF2A /* DevinTestTests.m */; };
/* End PBXBuildFile section */

/* Begin PBXContainerItemProxy section */
		03ACD2961A1A0C6F0028DF2A /* PBXContainerItemProxy */ = {
			isa = PBXContainerItemProxy;
			containerPortal = 03ACD2711A1A0C6E0028DF2A /* Project object */;
			proxyType = 1;
			remoteGlobalIDString = 03ACD2781A1A0C6E0028DF2A;
			remoteInfo = DevinTest;
		};
/* End PBXContainerItemProxy section */

/* Begin PBXFileReference section */
		03ACD2791A1A0C6E0028DF2A /* DevinTest.app */ = {isa = PBXFileReference; explicitFileType = wrapper.application; includeInIndex = 0; path = DevinTest.app; sourceTree = BUILT_PRODUCTS_DIR; };
		03ACD27D1A1A0C6E0028DF2A /* Info.plist */ = {isa = PBXFileReference; lastKnownFileType = text.plist.xml; path = Info.plist; sourceTree = "<group>"; };
		03ACD27E1A1A0C6E0028DF2A /* main.m */ = {isa = PBXFileReference; lastKnownFileType = sourcecode.c.objc; path = main.m; sourceTree = "<group>"; };
		03ACD2801A1A0C6E0028DF2A /* AppDelegate.h */ = {isa = PBXFileReference; lastKnownFileType = sourcecode.c.h; path = AppDelegate.h; sourceTree = "<group>"; };
		03ACD2811A1A0C6E0028DF2A /* AppDelegate.m */ = {isa = PBXFileReference; lastKnownFileType = sourcecode.c.objc; path = AppDelegate.m; sourceTree = "<group>"; };
		03ACD2841A1A0C6E0028DF2A /* DevinTest.xcdatamodel */ = {isa = PBXFileReference; lastKnownFileType = wrapper.xcdatamodel; path = DevinTest.xcdatamodel; sourceTree = "<group>"; };
		03ACD2861A1A0C6E0028DF2A /* ViewController.h */ = {isa = PBXFileReference; lastKnownFileType = sourcecode.c.h; path = ViewController.h; sourceTree = "<group>"; };
		03ACD2871A1A0C6E0028DF2A /* ViewController.m */ = {isa = PBXFileReference; lastKnownFileType = sourcecode.c.objc; path = ViewController.m; sourceTree = "<group>"; };
		03ACD28A1A1A0C6E0028DF2A /* Base */ = {isa = PBXFileReference; lastKnownFileType = file.storyboard; name = Base; path = Base.lproj/Main.storyboard; sourceTree = "<group>"; };
		03ACD28C1A1A0C6E0028DF2A /* Images.xcassets */ = {isa = PBXFileReference; lastKnownFileType = folder.assetcatalog; path = Images.xcassets; sourceTree = "<group>"; };
		03ACD28F1A1A0C6E0028DF2A /* Base */ = {isa = PBXFileReference; lastKnownFileType = file.xib; name = Base; path = Base.lproj/LaunchScreen.xib; sourceTree = "<group>"; };
		03ACD2951A1A0C6F0028DF2A /* DevinTestTests.xctest */ = {isa = PBXFileReference; explicitFileType = wrapper.cfbundle; includeInIndex = 0; path = DevinTestTests.xctest; sourceTree = BUILT_PRODUCTS_DIR; };
		03ACD29A1A1A0C6F0028DF2A /* Info.plist */ = {isa = PBXFileReference; lastKnownFileType = text.plist.xml; path = Info.plist; sourceTree = "<group>"; };
		03ACD29B1A1A0C6F0028DF2A /* DevinTestTests.m */ = {isa = PBXFileReference; lastKnownFileType = sourcecode.c.objc; path = DevinTestTests.m; sourceTree = "<group>"; };
/* End PBXFileReference section */

/* Begin PBXFrameworksBuildPhase section */
		03ACD2761A1A0C6E0028DF2A /* Frameworks */ = {
			isa = PBXFrameworksBuildPhase;
			buildActionMask = 2147483647;
			files = (
			);
			runOnlyForDeploymentPostprocessing = 0;
		};
		03ACD2921A1A0C6F0028DF2A /* Frameworks */ = {
			isa = PBXFrameworksBuildPhase;
			buildActionMask = 2147483647;
			files = (
			);
			runOnlyForDeploymentPostprocessing = 0;
		};
/* End PBXFrameworksBuildPhase section */

/* Begin PBXGroup section */
		03ACD2701A1A0C6E0028DF2A = {
			isa = PBXGroup;
			children = (
				03ACD27B1A1A0C6E0028DF2A /* DevinTest */,
				03ACD2981A1A0C6F0028DF2A /* DevinTestTests */,
				03ACD27A1A1A0C6E0028DF2A /* Products */,
			);
			sourceTree = "<group>";
		};
		03ACD27A1A1A0C6E0028DF2A /* Products */ = {
			isa = PBXGroup;
			children = (
				03ACD2791A1A0C6E0028DF2A /* DevinTest.app */,
				03ACD2951A1A0C6F0028DF2A /* DevinTestTests.xctest */,
			);
			name = Products;
			sourceTree = "<group>";
		};
		03ACD27B1A1A0C6E0028DF2A /* DevinTest */ = {
			isa = PBXGroup;
			children = (
				03ACD2801A1A0C6E0028DF2A /* AppDelegate.h */,
				03ACD2811A1A0C6E0028DF2A /* AppDelegate.m */,
				03ACD2861A1A0C6E0028DF2A /* ViewController.h */,
				03ACD2871A1A0C6E0028DF2A /* ViewController.m */,
				03ACD2891A1A0C6E0028DF2A /* Main.storyboard */,
				03ACD28C1A1A0C6E0028DF2A /* Images.xcassets */,
				03ACD28E1A1A0C6E0028DF2A /* LaunchScreen.xib */,
				03ACD2831A1A0C6E0028DF2A /* DevinTest.xcdatamodeld */,
				03ACD27C1A1A0C6E0028DF2A /* Supporting Files */,
			);
			path = DevinTest;
			sourceTree = "<group>";
		};
		03ACD27C1A1A0C6E0028DF2A /* Supporting Files */ = {
			isa = PBXGroup;
			children = (
				03ACD27D1A1A0C6E0028DF2A /* Info.plist */,
				03ACD27E1A1A0C6E0028DF2A /* main.m */,
			);
			name = "Supporting Files";
			sourceTree = "<group>";
		};
		03ACD2981A1A0C6F0028DF2A /* DevinTestTests */ = {
			isa = PBXGroup;
			children = (
				03ACD29B1A1A0C6F0028DF2A /* DevinTestTests.m */,
				03ACD2991A1A0C6F0028DF2A /* Supporting Files */,
			);
			path = DevinTestTests;
			sourceTree = "<group>";
		};
		03ACD2991A1A0C6F0028DF2A /* Supporting Files */ = {
			isa = PBXGroup;
			children = (
				03ACD29A1A1A0C6F0028DF2A /* Info.plist */,
			);
			name = "Supporting Files";
			sourceTree = "<group>";
		};
/* End PBXGroup section */

/* Begin PBXNativeTarget section */
		03ACD2781A1A0C6E0028DF2A /* DevinTest */ = {
			isa = PBXNativeTarget;
			buildConfigurationList = 03ACD29F1A1A0C6F0028DF2A /* Build configuration list for PBXNativeTarget "DevinTest" */;
			buildPhases = (
				03ACD2751A1A0C6E0028DF2A /* Sources */,
				03ACD2761A1A0C6E0028DF2A /* Frameworks */,
				03ACD2771A1A0C6E0028DF2A /* Resources */,
			);
			buildRules = (
			);
			dependencies = (
			);
			name = DevinTest;
			productName = DevinTest;
			productReference = 03ACD2791A1A0C6E0028DF2A /* DevinTest.app */;
			productType = "com.apple.product-type.application";
		};
		03ACD2941A1A0C6F0028DF2A /* DevinTestTests */ = {
			isa = PBXNativeTarget;
			buildConfigurationList = 03ACD2A21A1A0C6F0028DF2A /* Build configuration list for PBXNativeTarget "DevinTestTests" */;
			buildPhases = (
				03ACD2911A1A0C6F0028DF2A /* Sources */,
				03ACD2921A1A0C6F0028DF2A /* Frameworks */,
				03ACD2931A1A0C6F0028DF2A /* Resources */,
			);
			buildRules = (
			);
			dependencies = (
				03ACD2971A1A0C6F0028DF2A /* PBXTargetDependency */,
			);
			name = DevinTestTests;
			productName = DevinTestTests;
			productReference = 03ACD2951A1A0C6F0028DF2A /* DevinTestTests.xctest */;
			productType = "com.apple.product-type.bundle.unit-test";
		};
/* End PBXNativeTarget section */

/* Begin PBXProject section */
		03ACD2711A1A0C6E0028DF2A /* Project object */ = {
			isa = PBXProject;
			attributes = {
				LastUpgradeCheck = 0610;
				ORGANIZATIONNAME = Devin;
				TargetAttributes = {
					03ACD2781A1A0C6E0028DF2A = {
						CreatedOnToolsVersion = 6.1;
					};
					03ACD2941A1A0C6F0028DF2A = {
						CreatedOnToolsVersion = 6.1;
						TestTargetID = 03ACD2781A1A0C6E0028DF2A;
					};
				};
			};
			buildConfigurationList = 03ACD2741A1A0C6E0028DF2A /* Build configuration list for PBXProject "DevinTest" */;
			compatibilityVersion = "Xcode 3.2";
			developmentRegion = English;
			hasScannedForEncodings = 0;
			knownRegions = (
				en,
				Base,
			);
			mainGroup = 03ACD2701A1A0C6E0028DF2A;
			productRefGroup = 03ACD27A1A1A0C6E0028DF2A /* Products */;
			projectDirPath = "";
			projectRoot = "";
			targets = (
				03ACD2781A1A0C6E0028DF2A /* DevinTest */,
				03ACD2941A1A0C6F0028DF2A /* DevinTestTests */,
			);
		};
/* End PBXProject section */

/* Begin PBXResourcesBuildPhase section */
		03ACD2771A1A0C6E0028DF2A /* Resources */ = {
			isa = PBXResourcesBuildPhase;
			buildActionMask = 2147483647;
			files = (
				03ACD28B1A1A0C6E0028DF2A /* Main.storyboard in Resources */,
				03ACD2901A1A0C6E0028DF2A /* LaunchScreen.xib in Resources */,
				03ACD28D1A1A0C6E0028DF2A /* Images.xcassets in Resources */,
			);
			runOnlyForDeploymentPostprocessing = 0;
		};
		03ACD2931A1A0C6F0028DF2A /* Resources */ = {
			isa = PBXResourcesBuildPhase;
			buildActionMask = 2147483647;
			files = (
			);
			runOnlyForDeploymentPostprocessing = 0;
		};
/* End PBXResourcesBuildPhase section */

/* Begin PBXSourcesBuildPhase section */
		03ACD2751A1A0C6E0028DF2A /* Sources */ = {
			isa = PBXSourcesBuildPhase;
			buildActionMask = 2147483647;
			files = (
				03ACD2821A1A0C6E0028DF2A /* AppDelegate.m in Sources */,
				03ACD2851A1A0C6E0028DF2A /* DevinTest.xcdatamodeld in Sources */,
				03ACD2881A1A0C6E0028DF2A /* ViewController.m in Sources */,
				03ACD27F1A1A0C6E0028DF2A /* main.m in Sources */,
			);
			runOnlyForDeploymentPostprocessing = 0;
		};
		03ACD2911A1A0C6F0028DF2A /* Sources */ = {
			isa = PBXSourcesBuildPhase;
			buildActionMask = 2147483647;
			files = (
				03ACD29C1A1A0C6F0028DF2A /* DevinTestTests.m in Sources */,
			);
			runOnlyForDeploymentPostprocessing = 0;
		};
/* End PBXSourcesBuildPhase section */

/* Begin PBXTargetDependency section */
		03ACD2971A1A0C6F0028DF2A /* PBXTargetDependency */ = {
			isa = PBXTargetDependency;
			target = 03ACD2781A1A0C6E0028DF2A /* DevinTest */;
			targetProxy = 03ACD2961A1A0C6F0028DF2A /* PBXContainerItemProxy */;
		};
/* End PBXTargetDependency section */

/* Begin PBXVariantGroup section */
		03ACD2891A1A0C6E0028DF2A /* Main.storyboard */ = {
			isa = PBXVariantGroup;
			children = (
				03ACD28A1A1A0C6E0028DF2A /* Base */,
			);
			name = Main.storyboard;
			sourceTree = "<group>";
		};
		03ACD28E1A1A0C6E0028DF2A /* LaunchScreen.xib */ = {
			isa = PBXVariantGroup;
			children = (
				03ACD28F1A1A0C6E0028DF2A /* Base */,
			);
			name = LaunchScreen.xib;
			sourceTree = "<group>";
		};
/* End PBXVariantGroup section */

/* Begin XCBuildConfiguration section */
		03ACD29D1A1A0C6F0028DF2A /* Debug */ = {
			isa = XCBuildConfiguration;
			buildSettings = {
				ALWAYS_SEARCH_USER_PATHS = NO;
				CLANG_CXX_LANGUAGE_STANDARD = "gnu++0x";
				CLANG_CXX_LIBRARY = "libc++";
				CLANG_ENABLE_MODULES = YES;
				CLANG_ENABLE_OBJC_ARC = YES;
				CLANG_WARN_BOOL_CONVERSION = YES;
				CLANG_WARN_CONSTANT_CONVERSION = YES;
				CLANG_WARN_DIRECT_OBJC_ISA_USAGE = YES_ERROR;
				CLANG_WARN_EMPTY_BODY = YES;
				CLANG_WARN_ENUM_CONVERSION = YES;
				CLANG_WARN_INT_CONVERSION = YES;
				CLANG_WARN_OBJC_ROOT_CLASS = YES_ERROR;
				CLANG_WARN_UNREACHABLE_CODE = YES;
				CLANG_WARN__DUPLICATE_METHOD_MATCH = YES;
				"CODE_SIGN_IDENTITY[sdk=iphoneos*]" = "iPhone Developer";
				COPY_PHASE_STRIP = NO;
				ENABLE_STRICT_OBJC_MSGSEND = YES;
				GCC_C_LANGUAGE_STANDARD = gnu99;
				GCC_DYNAMIC_NO_PIC = NO;
				GCC_OPTIMIZATION_LEVEL = 0;
				GCC_PREPROCESSOR_DEFINITIONS = (
					"DEBUG=1",
					"$(inherited)",
				);
				GCC_SYMBOLS_PRIVATE_EXTERN = NO;
				GCC_WARN_64_TO_32_BIT_CONVERSION = YES;
				GCC_WARN_ABOUT_RETURN_TYPE = YES_ERROR;
				GCC_WARN_UNDECLARED_SELECTOR = YES;
				GCC_WARN_UNINITIALIZED_AUTOS = YES_AGGRESSIVE;
				GCC_WARN_UNUSED_FUNCTION = YES;
				GCC_WARN_UNUSED_VARIABLE = YES;
				IPHONEOS_DEPLOYMENT_TARGET = 8.1;
				MTL_ENABLE_DEBUG_INFO = YES;
				ONLY_ACTIVE_ARCH = YES;
				SDKROOT = iphoneos;
			};
			name = Debug;
		};
		03ACD29E1A1A0C6F0028DF2A /* Release */ = {
			isa = XCBuildConfiguration;
			buildSettings = {
				ALWAYS_SEARCH_USER_PATHS = NO;
				CLANG_CXX_LANGUAGE_STANDARD = "gnu++0x";
				CLANG_CXX_LIBRARY = "libc++";
				CLANG_ENABLE_MODULES = YES;
				CLANG_ENABLE_OBJC_ARC = YES;
				CLANG_WARN_BOOL_CONVERSION = YES;
				CLANG_WARN_CONSTANT_CONVERSION = YES;
				CLANG_WARN_DIRECT_OBJC_ISA_USAGE = YES_ERROR;
				CLANG_WARN_EMPTY_BODY = YES;
				CLANG_WARN_ENUM_CONVERSION = YES;
				CLANG_WARN_INT_CONVERSION = YES;
				CLANG_WARN_OBJC_ROOT_CLASS = YES_ERROR;
				CLANG_WARN_UNREACHABLE_CODE = YES;
				CLANG_WARN__DUPLICATE_METHOD_MATCH = YES;
				"CODE_SIGN_IDENTITY[sdk=iphoneos*]" = "iPhone Developer";
				COPY_PHASE_STRIP = YES;
				ENABLE_NS_ASSERTIONS = NO;
				ENABLE_STRICT_OBJC_MSGSEND = YES;
				GCC_C_LANGUAGE_STANDARD = gnu99;
				GCC_WARN_64_TO_32_BIT_CONVERSION = YES;
				GCC_WARN_ABOUT_RETURN_TYPE = YES_ERROR;
				GCC_WARN_UNDECLARED_SELECTOR = YES;
				GCC_WARN_UNINITIALIZED_AUTOS = YES_AGGRESSIVE;
				GCC_WARN_UNUSED_FUNCTION = YES;
				GCC_WARN_UNUSED_VARIABLE = YES;
				IPHONEOS_DEPLOYMENT_TARGET = 8.1;
				MTL_ENABLE_DEBUG_INFO = NO;
				SDKROOT = iphoneos;
				VALIDATE_PRODUCT = YES;
			};
			name = Release;
		};
		03ACD2A01A1A0C6F0028DF2A /* Debug */ = {
			isa = XCBuildConfiguration;
			buildSettings = {
				ASSETCATALOG_COMPILER_APPICON_NAME = AppIcon;
				INFOPLIST_FILE = DevinTest/Info.plist;
				LD_RUNPATH_SEARCH_PATHS = "$(inherited) @executable_path/Frameworks";
				PRODUCT_NAME = "$(TARGET_NAME)";
			};
			name = Debug;
		};
		03ACD2A11A1A0C6F0028DF2A /* Release */ = {
			isa = XCBuildConfiguration;
			buildSettings = {
				ASSETCATALOG_COMPILER_APPICON_NAME = AppIcon;
				INFOPLIST_FILE = DevinTest/Info.plist;
				LD_RUNPATH_SEARCH_PATHS = "$(inherited) @executable_path/Frameworks";
				PRODUCT_NAME = "$(TARGET_NAME)";
			};
			name = Release;
		};
		03ACD2A31A1A0C6F0028DF2A /* Debug */ = {
			isa = XCBuildConfiguration;
			buildSettings = {
				BUNDLE_LOADER = "$(TEST_HOST)";
				FRAMEWORK_SEARCH_PATHS = (
					"$(SDKROOT)/Developer/Library/Frameworks",
					"$(inherited)",
				);
				GCC_PREPROCESSOR_DEFINITIONS = (
					"DEBUG=1",
					"$(inherited)",
				);
				INFOPLIST_FILE = DevinTestTests/Info.plist;
				LD_RUNPATH_SEARCH_PATHS = "$(inherited) @executable_path/Frameworks @loader_path/Frameworks";
				PRODUCT_NAME = "$(TARGET_NAME)";
				TEST_HOST = "$(BUILT_PRODUCTS_DIR)/DevinTest.app/DevinTest";
			};
			name = Debug;
		};
		03ACD2A41A1A0C6F0028DF2A /* Release */ = {
			isa = XCBuildConfiguration;
			buildSettings = {
				BUNDLE_LOADER = "$(TEST_HOST)";
				FRAMEWORK_SEARCH_PATHS = (
					"$(SDKROOT)/Developer/Library/Frameworks",
					"$(inherited)",
				);
				INFOPLIST_FILE = DevinTestTests/Info.plist;
				LD_RUNPATH_SEARCH_PATHS = "$(inherited) @executable_path/Frameworks @loader_path/Frameworks";
				PRODUCT_NAME = "$(TARGET_NAME)";
				TEST_HOST = "$(BUILT_PRODUCTS_DIR)/DevinTest.app/DevinTest";
			};
			name = Release;
		};
/* End XCBuildConfiguration section */

/* Begin XCConfigurationList section */
		03ACD2741A1A0C6E0028DF2A /* Build configuration list for PBXProject "DevinTest" */ = {
			isa = XCConfigurationList;
			buildConfigurations = (
				03ACD29D1A1A0C6F0028DF2A /* Debug */,
				03ACD29E1A1A0C6F0028DF2A /* Release */,
			);
			defaultConfigurationIsVisible = 0;
			defaultConfigurationName = Release;
		};
		03ACD29F1A1A0C6F0028DF2A /* Build configuration list for PBXNativeTarget "DevinTest" */ = {
			isa = XCConfigurationList;
			buildConfigurations = (
				03ACD2A01A1A0C6F0028DF2A /* Debug */,
				03ACD2A11A1A0C6F0028DF2A /* Release */,
			);
			defaultConfigurationIsVisible = 0;
		};
		03ACD2A21A1A0C6F0028DF2A /* Build configuration list for PBXNativeTarget "DevinTestTests" */ = {
			isa = XCConfigurationList;
			buildConfigurations = (
				03ACD2A31A1A0C6F0028DF2A /* Debug */,
				03ACD2A41A1A0C6F0028DF2A /* Release */,
			);
			defaultConfigurationIsVisible = 0;
		};
/* End XCConfigurationList section */

/* Begin XCVersionGroup section */
		03ACD2831A1A0C6E0028DF2A /* DevinTest.xcdatamodeld */ = {
			isa = XCVersionGroup;
			children = (
				03ACD2841A1A0C6E0028DF2A /* DevinTest.xcdatamodel */,
			);
			currentVersion = 03ACD2841A1A0C6E0028DF2A /* DevinTest.xcdatamodel */;
			path = DevinTest.xcdatamodeld;
			sourceTree = "<group>";
			versionGroupType = wrapper.xcdatamodel;
		};
/* End XCVersionGroup section */
	};
	rootObject = 03ACD2711A1A0C6E0028DF2A /* Project object */;
}
